# This file was autogenerated by Stack.
# You should not edit this file by hand.
# For more information, please see the documentation at:
#   https://docs.haskellstack.org/en/stable/lock_files

packages:
- completed:
    cabal-file:
      size: 5175
      sha256: b0ef708cc578ed345217e88d93679f76999a50f10243892901731fd61fba505f
    name: concur-replica
    version: 0.1.0.0
    git: https://github.com/pkamenarsky/concur-replica.git
    pantry-tree:
      size: 1420
      sha256: 6976a368fb911834985ebff80fa43e20dd4080c2e64759b8ddb8cea0a2ae9786
    commit: 7192dd5a49feb90996c14f80aa67e9d4df4bf4a1
  original:
    git: https://github.com/pkamenarsky/concur-replica.git
    commit: 7192dd5a49feb90996c14f80aa67e9d4df4bf4a1
- completed:
    cabal-file:
      size: 2016
      sha256: 37fbd822c4b163189e676bd7d7dfcbef24ea3dfc989a66a20352283f4b02b46d
    name: replica
    version: 0.1.0.0
    git: https://github.com/pkamenarsky/replica.git
    pantry-tree:
      size: 1319
      sha256: 1b98fd6a367cd66308ce2ebaa2ef0d081f9f2f6f6fdcfb5a0e492a85c8d964a2
    commit: db4af3572705bb20222fff1203a1eea3ca5cd542
  original:
    git: https://github.com/pkamenarsky/replica.git
    commit: db4af3572705bb20222fff1203a1eea3ca5cd542
- completed:
    subdir: concur-core
    cabal-file:
      size: 1239
      sha256: 6faa067cee99685b9121f3bf790775af40950d0612cca24a409764fcaec984c0
    name: concur-core
    version: 0.1.0.0
    git: https://github.com/pkamenarsky/concur.git
    pantry-tree:
      size: 728
      sha256: 2fbd807471df8dd864d16fbc2f5c317a200f9f78864addb949d561478dcb4854
    commit: e06c121d8cb506625a7a3ac5d6798e3185de424f
  original:
    subdir: concur-core
    git: https://github.com/pkamenarsky/concur.git
    commit: e06c121d8cb506625a7a3ac5d6798e3185de424f
snapshots:
- completed:
    size: 498155
    url: https://raw.githubusercontent.com/commercialhaskell/stackage-snapshots/master/lts/13/19.yaml
    sha256: b9367a80d4393d02e58a46b8a9fdfbd7bc19f59c0c2bbf90034ba15cf52cf213
  original: lts-13.19
